
Microsoft Visual Studio Solution File, Format Version 12.00
# Visual Studio Version 17
VisualStudioVersion = 17.6.33815.320
MinimumVisualStudioVersion = 10.0.40219.1
Project("{FAE04EC0-301F-11D3-BF4B-00C04F79EFBC}") = "NotePad+", "NotePad+\NotePad+.csproj", "{69333AC7-1B34-4D1F-BF6B-0D7D117BF57D}"
EndProject
Global
	GlobalSection(SolutionConfigurationPlatforms) = preSolution
		Debug|Any CPU = Debug|Any CPU
		Release|Any CPU = Release|Any CPU
	EndGlobalSection
	GlobalSection(ProjectConfigurationPlatforms) = postSolution
		{69333AC7-1B34-4D1F-BF6B-0D7D117BF57D}.Debug|Any CPU.ActiveCfg = Debug|Any CPU
		{69333AC7-1B34-4D1F-BF6B-0D7D117BF57D}.Debug|Any CPU.Build.0 = Debug|Any CPU
		{69333AC7-1B34-4D1F-BF6B-0D7D117BF57D}.Release|Any CPU.ActiveCfg = Release|Any CPU
		{69333AC7-1B34-4D1F-BF6B-0D7D117BF57D}.Release|Any CPU.Build.0 = Release|Any CPU
	EndGlobalSection
	GlobalSection(SolutionProperties) = preSolution
		HideSolutionNode = FALSE
	EndGlobalSection
	GlobalSection(ExtensibilityGlobals) = postSolution
		SolutionGuid = {23E1B93C-F3A1-4F6A-930D-274BE94731E3}
	EndGlobalSection
EndGlobal
